
Microsoft Visual Studio Solution File, Format Version 12.00
# Visual Studio Version 17
VisualStudioVersion = 17.14.36127.28
MinimumVisualStudioVersion = 10.0.40219.1
Project("{FAE04EC0-301F-11D3-BF4B-00C04F79EFBC}") = "MagicVilla_API", "MagicVilla_API\MagicVilla_API.csproj", "{3ABF9F02-1DB8-4398-ABE6-9ED8308A4932}"
EndProject
Project("{2150E333-8FDC-42A3-9474-1A3956D46DE8}") = "Solution Items", "Solution Items", "{8EC462FD-D22E-90A8-E5CE-7E832BA40C5D}"
	ProjectSection(SolutionItems) = preProject
		.gitattributes = .gitattributes
		.gitignore = .gitignore
		README.md = README.md
	EndProjectSection
EndProject
Global
	GlobalSection(SolutionConfigurationPlatforms) = preSolution
		Debug|Any CPU = Debug|Any CPU
		Release|Any CPU = Release|Any CPU
	EndGlobalSection
	GlobalSection(ProjectConfigurationPlatforms) = postSolution
		{3ABF9F02-1DB8-4398-ABE6-9ED8308A4932}.Debug|Any CPU.ActiveCfg = Debug|Any CPU
		{3ABF9F02-1DB8-4398-ABE6-9ED8308A4932}.Debug|Any CPU.Build.0 = Debug|Any CPU
		{3ABF9F02-1DB8-4398-ABE6-9ED8308A4932}.Release|Any CPU.ActiveCfg = Release|Any CPU
		{3ABF9F02-1DB8-4398-ABE6-9ED8308A4932}.Release|Any CPU.Build.0 = Release|Any CPU
	EndGlobalSection
	GlobalSection(SolutionProperties) = preSolution
		HideSolutionNode = FALSE
	EndGlobalSection
	GlobalSection(ExtensibilityGlobals) = postSolution
		SolutionGuid = {52601A6A-3C13-4F26-8B45-0DFAACAED620}
	EndGlobalSection
EndGlobal
